
Microsoft Visual Studio Solution File, Format Version 12.00
# Visual Studio Version 17
VisualStudioVersion = 17.8.34316.72
MinimumVisualStudioVersion = 10.0.40219.1
Project("{9A19103F-16F7-4668-BE54-9A1E7A4F7556}") = "SimeonCloudSoftware", "SimeonCloudSoftware.csproj", "{676654F7-FB38-4059-9D39-AA5D60C24C10}"
EndProject
Project("{9A19103F-16F7-4668-BE54-9A1E7A4F7556}") = "UnitTests", "..\UnitTests\UnitTests.csproj", "{5F62D662-AAFB-4C05-BF11-05DAADADFAA2}"
EndProject
Global
	GlobalSection(SolutionConfigurationPlatforms) = preSolution
		Debug|Any CPU = Debug|Any CPU
		Release|Any CPU = Release|Any CPU
	EndGlobalSection
	GlobalSection(ProjectConfigurationPlatforms) = postSolution
		{676654F7-FB38-4059-9D39-AA5D60C24C10}.Debug|Any CPU.ActiveCfg = Debug|Any CPU
		{676654F7-FB38-4059-9D39-AA5D60C24C10}.Debug|Any CPU.Build.0 = Debug|Any CPU
		{676654F7-FB38-4059-9D39-AA5D60C24C10}.Release|Any CPU.ActiveCfg = Release|Any CPU
		{676654F7-FB38-4059-9D39-AA5D60C24C10}.Release|Any CPU.Build.0 = Release|Any CPU
		{5F62D662-AAFB-4C05-BF11-05DAADADFAA2}.Debug|Any CPU.ActiveCfg = Debug|Any CPU
		{5F62D662-AAFB-4C05-BF11-05DAADADFAA2}.Debug|Any CPU.Build.0 = Debug|Any CPU
		{5F62D662-AAFB-4C05-BF11-05DAADADFAA2}.Release|Any CPU.ActiveCfg = Release|Any CPU
		{5F62D662-AAFB-4C05-BF11-05DAADADFAA2}.Release|Any CPU.Build.0 = Release|Any CPU
	EndGlobalSection
	GlobalSection(SolutionProperties) = preSolution
		HideSolutionNode = FALSE
	EndGlobalSection
	GlobalSection(ExtensibilityGlobals) = postSolution
		SolutionGuid = {765431A9-BF4D-4D73-ADA3-6BAFFD9E65EB}
	EndGlobalSection
EndGlobal
